
Microsoft Visual Studio Solution File, Format Version 12.00
# Visual Studio Version 17
VisualStudioVersion = 17.11.35312.102
MinimumVisualStudioVersion = 10.0.40219.1
Project("{FAE04EC0-301F-11D3-BF4B-00C04F79EFBC}") = "WinFormsMA", "WinFormsMA\WinFormsMA.csproj", "{A2A69273-54B4-4D61-AAA5-1317F675FB9C}"
EndProject
Global
	GlobalSection(SolutionConfigurationPlatforms) = preSolution
		Debug|Any CPU = Debug|Any CPU
		Release|Any CPU = Release|Any CPU
	EndGlobalSection
	GlobalSection(ProjectConfigurationPlatforms) = postSolution
		{A2A69273-54B4-4D61-AAA5-1317F675FB9C}.Debug|Any CPU.ActiveCfg = Debug|Any CPU
		{A2A69273-54B4-4D61-AAA5-1317F675FB9C}.Debug|Any CPU.Build.0 = Debug|Any CPU
		{A2A69273-54B4-4D61-AAA5-1317F675FB9C}.Release|Any CPU.ActiveCfg = Release|Any CPU
		{A2A69273-54B4-4D61-AAA5-1317F675FB9C}.Release|Any CPU.Build.0 = Release|Any CPU
	EndGlobalSection
	GlobalSection(SolutionProperties) = preSolution
		HideSolutionNode = FALSE
	EndGlobalSection
	GlobalSection(ExtensibilityGlobals) = postSolution
		SolutionGuid = {A17AF6C7-EA52-4CAA-986B-AB488A8E8BC0}
	EndGlobalSection
EndGlobal
